
Microsoft Visual Studio Solution File, Format Version 12.00
# Visual Studio Version 17
VisualStudioVersion = 17.7.34221.43
MinimumVisualStudioVersion = 10.0.40219.1
Project("{FAE04EC0-301F-11D3-BF4B-00C04F79EFBC}") = "project", "project\project.csproj", "{AB05E85F-87D8-493C-873F-A4FDB0CFD0B9}"
EndProject
Global
	GlobalSection(SolutionConfigurationPlatforms) = preSolution
		Debug|Any CPU = Debug|Any CPU
		Release|Any CPU = Release|Any CPU
	EndGlobalSection
	GlobalSection(ProjectConfigurationPlatforms) = postSolution
		{AB05E85F-87D8-493C-873F-A4FDB0CFD0B9}.Debug|Any CPU.ActiveCfg = Debug|Any CPU
		{AB05E85F-87D8-493C-873F-A4FDB0CFD0B9}.Debug|Any CPU.Build.0 = Debug|Any CPU
		{AB05E85F-87D8-493C-873F-A4FDB0CFD0B9}.Release|Any CPU.ActiveCfg = Release|Any CPU
		{AB05E85F-87D8-493C-873F-A4FDB0CFD0B9}.Release|Any CPU.Build.0 = Release|Any CPU
	EndGlobalSection
	GlobalSection(SolutionProperties) = preSolution
		HideSolutionNode = FALSE
	EndGlobalSection
	GlobalSection(ExtensibilityGlobals) = postSolution
		SolutionGuid = {6979E24C-543D-4372-B286-B1A8B6AAD789}
	EndGlobalSection
EndGlobal
